{
  "name": "saju-engine",
  "version": "1.0.0",
  "lockfileVersion": 3,
  "requires": true,
  "packages": {
    "": {
      "name": "saju-engine",
      "version": "1.0.0",
      "dependencies": {
        "korean-lunar-calendar": "^0.3.6"
      }
    },
    "node_modules/korean-lunar-calendar": {
      "version": "0.3.6",
      "resolved": "https://registry.npmjs.org/korean-lunar-calendar/-/korean-lunar-calendar-0.3.6.tgz",
      "integrity": "sha512-9jpZUH8ph6GsBgIGy8al6z6OfG6TdSIDB99Zj73B35ohtG12EFj3CGE5NzjBsXFiJUUjEr08/XCjfh+flXZVPw==",
      "license": "MIT",
      "engines": {
        "node": ">= 16.14.0"
      }
    }
  }
}
